
Microsoft Visual Studio Solution File, Format Version 12.00
# Visual Studio Version 16
VisualStudioVersion = 16.0.31205.134
MinimumVisualStudioVersion = 10.0.40219.1
Project("{FAE04EC0-301F-11D3-BF4B-00C04F79EFBC}") = "WPFWeatherApp", "WPFWeatherApp\WPFWeatherApp.csproj", "{CE4C93DB-B610-449C-A806-28B67CB09862}"
EndProject
Global
	GlobalSection(SolutionConfigurationPlatforms) = preSolution
		Debug|Any CPU = Debug|Any CPU
		Release|Any CPU = Release|Any CPU
	EndGlobalSection
	GlobalSection(ProjectConfigurationPlatforms) = postSolution
		{CE4C93DB-B610-449C-A806-28B67CB09862}.Debug|Any CPU.ActiveCfg = Debug|Any CPU
		{CE4C93DB-B610-449C-A806-28B67CB09862}.Debug|Any CPU.Build.0 = Debug|Any CPU
		{CE4C93DB-B610-449C-A806-28B67CB09862}.Release|Any CPU.ActiveCfg = Release|Any CPU
		{CE4C93DB-B610-449C-A806-28B67CB09862}.Release|Any CPU.Build.0 = Release|Any CPU
	EndGlobalSection
	GlobalSection(SolutionProperties) = preSolution
		HideSolutionNode = FALSE
	EndGlobalSection
	GlobalSection(ExtensibilityGlobals) = postSolution
		SolutionGuid = {110BE46E-BD8C-4B16-A5DD-CC4061095949}
	EndGlobalSection
EndGlobal
